[r]
version = "4.6.0"

[[package]]
name = "DT"
version = "0.34.0"
source = "cran"
raw_version = "0.34.0"
url = "https://cran.r-project.org/src/contrib/DT_0.34.0.tar.gz"
checksum = "md5:7fd6d7882cf56aa422bced527468b8c4"
requires = [
    "crosstalk",
    "htmltools",
    "htmlwidgets",
    "jquerylib",
    "jsonlite",
    "magrittr",
    "promises",
]

[[package]]
name = "Formula"
version = "1.2.5"
source = "cran"
raw_version = "1.2-5"
url = "https://cran.r-project.org/src/contrib/Formula_1.2-5.tar.gz"
checksum = "md5:fa5128b436b67051b231e0a8281f36a4"

[[package]]
name = "Hmisc"
version = "5.2.5"
source = "cran"
raw_version = "5.2-5"
url = "https://cran.r-project.org/src/contrib/Hmisc_5.2-5.tar.gz"
checksum = "md5:1bc13e1bc2001418b9aca798c4b0ba51"
requires = [
    "ggplot2",
    "cluster",
    "rpart",
    "nnet",
    "foreign",
    "gtable",
    "gridExtra",
    "data.table",
    "htmlTable",
    "viridisLite",
    "htmltools",
    "base64enc",
    "colorspace",
    "rmarkdown",
    "knitr",
    "Formula",
]

[[package]]
name = "Matrix"
version = "1.7.5"
source = "cran"
raw_version = "1.7-5"
url = "https://cran.r-project.org/src/contrib/Matrix_1.7-5.tar.gz"
checksum = "md5:55c548714a9760ea1cf925462cdd0cca"
requires = ["lattice"]

[[package]]
name = "R6"
version = "2.6.1"
source = "cran"
raw_version = "2.6.1"
url = "https://cran.r-project.org/src/contrib/R6_2.6.1.tar.gz"
checksum = "md5:f01b1787f12797c29194d63c9afd5d70"

[[package]]
name = "RColorBrewer"
version = "1.1.3"
source = "cran"
raw_version = "1.1-3"
url = "https://cran.r-project.org/src/contrib/RColorBrewer_1.1-3.tar.gz"
checksum = "md5:9b687595bbe02a7e43fc195ba33f065c"

[[package]]
name = "Rcpp"
version = "1.1.1-4.1"
source = "cran"
raw_version = "1.1.1-1.1"
url = "https://cran.r-project.org/src/contrib/Rcpp_1.1.1-1.1.tar.gz"
checksum = "md5:ad526121c2f2b9b3be8ce1f36aff7888"

[[package]]
name = "RcppParallel"
version = "5.1.11-4.2"
source = "cran"
raw_version = "5.1.11-2"
url = "https://cran.r-project.org/src/contrib/RcppParallel_5.1.11-2.tar.gz"
checksum = "md5:e436f1abe70451e79d869fdb0803963c"

[[package]]
name = "S7"
version = "0.2.2"
source = "cran"
raw_version = "0.2.2"
url = "https://cran.r-project.org/src/contrib/S7_0.2.2.tar.gz"
checksum = "md5:6a40d3eae470be0f06a03737b9391269"

[[package]]
name = "and"
version = "0.1.8"
source = "cran"
raw_version = "0.1.8"
url = "https://cran.r-project.org/src/contrib/and_0.1.8.tar.gz"
checksum = "md5:623c668fe46b49a33efb874c60f02a6a"
requires = [
    "glue",
    "rlang",
]

[[package]]
name = "askpass"
version = "1.2.1"
source = "cran"
raw_version = "1.2.1"
url = "https://cran.r-project.org/src/contrib/askpass_1.2.1.tar.gz"
checksum = "md5:fc2c6a61b6a354707586b01950366f37"
requires = ["sys"]

[[package]]
name = "backports"
version = "1.5.1"
source = "cran"
raw_version = "1.5.1"
url = "https://cran.r-project.org/src/contrib/backports_1.5.1.tar.gz"
checksum = "md5:f23f63d1a2a739db18644dfa8c1de7ec"

[[package]]
name = "base64enc"
version = "0.1.6"
source = "cran"
raw_version = "0.1-6"
url = "https://cran.r-project.org/src/contrib/base64enc_0.1-6.tar.gz"
checksum = "md5:2c4ecc969451a673ee05eb2e725fcbaf"

[[package]]
name = "base64url"
version = "1.4.0"
source = "cran"
raw_version = "1.4"
url = "https://cran.r-project.org/src/contrib/base64url_1.4.tar.gz"
checksum = "md5:0e41f7f53213278d81e2d1fb55b34480"
requires = ["backports"]

[[package]]
name = "beeswarm"
version = "0.4.0"
source = "cran"
raw_version = "0.4.0"
url = "https://cran.r-project.org/src/contrib/beeswarm_0.4.0.tar.gz"
checksum = "md5:20c0aaccd552488e1f5ba7924d59ab33"

[[package]]
name = "bit"
version = "4.6.0"
source = "cran"
raw_version = "4.6.0"
url = "https://cran.r-project.org/src/contrib/bit_4.6.0.tar.gz"
checksum = "md5:f36540550af63b0db8c78429d7366998"

[[package]]
name = "bit64"
version = "4.8.2"
source = "cran"
raw_version = "4.8.2"
url = "https://cran.r-project.org/src/contrib/bit64_4.8.2.tar.gz"
checksum = "md5:12904714853ba84b8d1808266e5ef943"
requires = ["bit"]

[[package]]
name = "bslib"
version = "0.11.0"
source = "cran"
raw_version = "0.11.0"
url = "https://cran.r-project.org/src/contrib/bslib_0.11.0.tar.gz"
checksum = "md5:33ff4265fa9789b2b35945be75e61fd0"
requires = [
    "base64enc",
    "cachem",
    "fastmap",
    "htmltools",
    "jquerylib",
    "jsonlite",
    "lifecycle",
    "memoise",
    "mime",
    "rlang",
    "sass",
]

[[package]]
name = "cachem"
version = "1.1.0"
source = "cran"
raw_version = "1.1.0"
url = "https://cran.r-project.org/src/contrib/cachem_1.1.0.tar.gz"
checksum = "md5:53980eb40dd09b0cd44673d3a6fabe36"
requires = [
    "rlang",
    "fastmap",
]

[[package]]
name = "callr"
version = "3.7.6"
source = "cran"
raw_version = "3.7.6"
url = "https://cran.r-project.org/src/contrib/callr_3.7.6.tar.gz"
checksum = "md5:9bd3ca85c73b182bce6367962ce8e59a"
requires = [
    "processx",
    "R6",
]

[[package]]
name = "checkmate"
version = "2.3.4"
source = "cran"
raw_version = "2.3.4"
url = "https://cran.r-project.org/src/contrib/checkmate_2.3.4.tar.gz"
checksum = "md5:64da20583ae2453fe1c86df562eb031b"
requires = ["backports"]

[[package]]
name = "cli"
version = "3.6.6"
source = "cran"
raw_version = "3.6.6"
url = "https://cran.r-project.org/src/contrib/cli_3.6.6.tar.gz"
checksum = "md5:eedc08ba864ae6cd640b05eff1a607ee"

[[package]]
name = "clipr"
version = "0.8.1"
source = "cran"
raw_version = "0.8.1"
url = "https://cran.r-project.org/src/contrib/clipr_0.8.1.tar.gz"
checksum = "md5:e3618a0611ca2dfbc6475975a163ab6a"

[[package]]
name = "cluster"
version = "2.1.8-4.2"
source = "cran"
raw_version = "2.1.8.2"
url = "https://cran.r-project.org/src/contrib/cluster_2.1.8.2.tar.gz"
checksum = "md5:fdaa451ad0422f15155ed09d3f391050"

[[package]]
name = "codetools"
version = "0.2.20"
source = "cran"
raw_version = "0.2-20"
url = "https://cran.r-project.org/src/contrib/codetools_0.2-20.tar.gz"
checksum = "md5:b6d2fb49c00a528b04f574892359aa55"

[[package]]
name = "collections"
version = "0.3.12"
source = "cran"
raw_version = "0.3.12"
url = "https://cran.r-project.org/src/contrib/collections_0.3.12.tar.gz"
checksum = "md5:2bef795e76ac307edc87b9bcd91709e8"

[[package]]
name = "colorspace"
version = "2.1.2"
source = "cran"
raw_version = "2.1-2"
url = "https://cran.r-project.org/src/contrib/colorspace_2.1-2.tar.gz"
checksum = "md5:01f2fc58e8c4a7326d1d19393358cd5b"

[[package]]
name = "cpp11"
version = "0.5.5"
source = "cran"
raw_version = "0.5.5"
url = "https://cran.r-project.org/src/contrib/cpp11_0.5.5.tar.gz"
checksum = "md5:7c4c3f58ffa7adec25b85d0d99c0d7ed"

[[package]]
name = "crayon"
version = "1.5.3"
source = "cran"
raw_version = "1.5.3"
url = "https://cran.r-project.org/src/contrib/crayon_1.5.3.tar.gz"
checksum = "md5:bb290c70d23b2200006187ac7839116f"

[[package]]
name = "crew"
version = "1.3.0"
source = "cran"
raw_version = "1.3.0"
url = "https://cran.r-project.org/src/contrib/crew_1.3.0.tar.gz"
checksum = "md5:74f6b632f87ce1b4f7c117f93ff99148"
requires = [
    "cli",
    "collections",
    "data.table",
    "later",
    "mirai",
    "nanonext",
    "processx",
    "promises",
    "ps",
    "R6",
    "rlang",
    "tibble",
    "tidyselect",
]

[[package]]
name = "crosstalk"
version = "1.2.2"
source = "cran"
raw_version = "1.2.2"
url = "https://cran.r-project.org/src/contrib/crosstalk_1.2.2.tar.gz"
checksum = "md5:d602153d8b0b48724c7953a58f89acd7"
requires = [
    "htmltools",
    "jsonlite",
    "lazyeval",
    "R6",
]

[[package]]
name = "curl"
version = "7.1.0"
source = "cran"
raw_version = "7.1.0"
url = "https://cran.r-project.org/src/contrib/curl_7.1.0.tar.gz"
checksum = "md5:8af2ccbf5d85dc18866f45f1f26f348d"

[[package]]
name = "data.table"
version = "1.18.4"
source = "cran"
raw_version = "1.18.4"
url = "https://cran.r-project.org/src/contrib/data.table_1.18.4.tar.gz"
checksum = "md5:8802d3e9516d5b38dd4aa1a473e2ac6e"

[[package]]
name = "digest"
version = "0.6.39"
source = "cran"
raw_version = "0.6.39"
url = "https://cran.r-project.org/src/contrib/digest_0.6.39.tar.gz"
checksum = "md5:2b7268922b0f86dbc8064ff8e3a1ca1b"

[[package]]
name = "dplyr"
version = "1.2.1"
source = "cran"
raw_version = "1.2.1"
url = "https://cran.r-project.org/src/contrib/dplyr_1.2.1.tar.gz"
checksum = "md5:1c6ba2499c7a08d081bdb530423ab22c"
requires = [
    "cli",
    "generics",
    "glue",
    "lifecycle",
    "magrittr",
    "pillar",
    "R6",
    "rlang",
    "tibble",
    "tidyselect",
    "vctrs",
]

[[package]]
name = "epoxy"
version = "1.0.0"
source = "cran"
raw_version = "1.0.0"
url = "https://cran.r-project.org/src/contrib/epoxy_1.0.0.tar.gz"
checksum = "md5:2f0f8a6877c72c7b1b9118a8abe4b238"
requires = [
    "and",
    "glue",
    "htmltools",
    "knitr",
    "lifecycle",
    "purrr",
    "rlang",
    "rmarkdown",
    "scales",
    "whisker",
]

[[package]]
name = "evaluate"
version = "1.0.5"
source = "cran"
raw_version = "1.0.5"
url = "https://cran.r-project.org/src/contrib/evaluate_1.0.5.tar.gz"
checksum = "md5:64d96fee3845fd96d1eafaba37adf00e"

[[package]]
name = "farver"
version = "2.1.2"
source = "cran"
raw_version = "2.1.2"
url = "https://cran.r-project.org/src/contrib/farver_2.1.2.tar.gz"
checksum = "md5:1fa98878bb985e28d968630c7e7597b6"

[[package]]
name = "fastmap"
version = "1.2.0"
source = "cran"
raw_version = "1.2.0"
url = "https://cran.r-project.org/src/contrib/fastmap_1.2.0.tar.gz"
checksum = "md5:f53773acd6ba9a86413e8c2dc6441544"

[[package]]
name = "fontawesome"
version = "0.5.3"
source = "cran"
raw_version = "0.5.3"
url = "https://cran.r-project.org/src/contrib/fontawesome_0.5.3.tar.gz"
checksum = "md5:95b072a27418b962792410dfb21c3d2b"
requires = [
    "rlang",
    "htmltools",
]

[[package]]
name = "forcats"
version = "1.0.1"
source = "cran"
raw_version = "1.0.1"
url = "https://cran.r-project.org/src/contrib/forcats_1.0.1.tar.gz"
checksum = "md5:9c4f48673cf195a7c420e32667847958"
requires = [
    "cli",
    "glue",
    "lifecycle",
    "magrittr",
    "rlang",
    "tibble",
]

[[package]]
name = "foreign"
version = "0.8.91"
source = "cran"
raw_version = "0.8-91"
url = "https://cran.r-project.org/src/contrib/foreign_0.8-91.tar.gz"
checksum = "md5:be5e18fcf6eb2576136683851cb04294"

[[package]]
name = "fs"
version = "2.1.0"
source = "cran"
raw_version = "2.1.0"
url = "https://cran.r-project.org/src/contrib/fs_2.1.0.tar.gz"
checksum = "md5:6011a5e758c21acc297ed8bbcf97e7d9"

[[package]]
name = "future"
version = "1.70.0"
source = "cran"
raw_version = "1.70.0"
url = "https://cran.r-project.org/src/contrib/future_1.70.0.tar.gz"
checksum = "md5:05d13de7cf1192c8a87a08d4ccd5377f"
requires = [
    "digest",
    "globals",
    "listenv",
    "parallelly",
]

[[package]]
name = "future.apply"
version = "1.20.2"
source = "cran"
raw_version = "1.20.2"
url = "https://cran.r-project.org/src/contrib/future.apply_1.20.2.tar.gz"
checksum = "md5:91e8f96d675501767eb79a42ea339bdc"
requires = [
    "future",
    "globals",
]

[[package]]
name = "generics"
version = "0.1.4"
source = "cran"
raw_version = "0.1.4"
url = "https://cran.r-project.org/src/contrib/generics_0.1.4.tar.gz"
checksum = "md5:dda54b65216fe3c53571d2adaddc7461"

[[package]]
name = "ggbeeswarm"
version = "0.7.3"
source = "cran"
raw_version = "0.7.3"
url = "https://cran.r-project.org/src/contrib/ggbeeswarm_0.7.3.tar.gz"
checksum = "md5:87aef633fc40fb380c674cdc70988c07"
requires = [
    "ggplot2",
    "beeswarm",
    "lifecycle",
    "vipor",
    "cli",
]

[[package]]
name = "ggplot2"
version = "4.0.3"
source = "cran"
raw_version = "4.0.3"
url = "https://cran.r-project.org/src/contrib/ggplot2_4.0.3.tar.gz"
checksum = "md5:c50d6864f6226ed9759e5deaa0a25e7f"
requires = [
    "cli",
    "gtable",
    "isoband",
    "lifecycle",
    "rlang",
    "S7",
    "scales",
    "vctrs",
    "withr",
]

[[package]]
name = "ggrepel"
version = "0.9.8"
source = "cran"
raw_version = "0.9.8"
url = "https://cran.r-project.org/src/contrib/ggrepel_0.9.8.tar.gz"
checksum = "md5:33e4c1f39e92d9e828203b10e12f831c"
requires = [
    "ggplot2",
    "Rcpp",
    "rlang",
    "S7",
    "scales",
    "withr",
    "Rcpp",
]

[[package]]
name = "globals"
version = "0.19.1"
source = "cran"
raw_version = "0.19.1"
url = "https://cran.r-project.org/src/contrib/globals_0.19.1.tar.gz"
checksum = "md5:3e96c6372abae8ed950705203c1bcd85"
requires = ["codetools"]

[[package]]
name = "glue"
version = "1.8.1"
source = "cran"
raw_version = "1.8.1"
url = "https://cran.r-project.org/src/contrib/glue_1.8.1.tar.gz"
checksum = "md5:24e3cd382f52015c929538a5208d11aa"

[[package]]
name = "gridExtra"
version = "2.3.0"
source = "cran"
raw_version = "2.3"
url = "https://cran.r-project.org/src/contrib/gridExtra_2.3.tar.gz"
checksum = "md5:01e0ea88610756a0fd3b260e83c9bd43"
requires = ["gtable"]

[[package]]
name = "gtable"
version = "0.3.6"
source = "cran"
raw_version = "0.3.6"
url = "https://cran.r-project.org/src/contrib/gtable_0.3.6.tar.gz"
checksum = "md5:545f07ada570ec8e3f4b22843974ac6d"
requires = [
    "cli",
    "glue",
    "lifecycle",
    "rlang",
]

[[package]]
name = "here"
version = "1.0.2"
source = "cran"
raw_version = "1.0.2"
url = "https://cran.r-project.org/src/contrib/here_1.0.2.tar.gz"
checksum = "md5:d2ff22b1f33c99b75ab3597ef0f79506"
requires = ["rprojroot"]

[[package]]
name = "highr"
version = "0.12.0"
source = "cran"
raw_version = "0.12"
url = "https://cran.r-project.org/src/contrib/highr_0.12.tar.gz"
checksum = "md5:006fcfa8e16c72ecd1adffdf0cf87e43"
requires = ["xfun"]

[[package]]
name = "hms"
version = "1.1.4"
source = "cran"
raw_version = "1.1.4"
url = "https://cran.r-project.org/src/contrib/hms_1.1.4.tar.gz"
checksum = "md5:f63240ba5139ec2a20bd1ac56bae8243"
requires = [
    "cli",
    "lifecycle",
    "pkgconfig",
    "rlang",
    "vctrs",
]

[[package]]
name = "hrbrthemes"
version = "0.9.3"
source = "cran"
raw_version = "0.9.3"
url = "https://cran.r-project.org/src/contrib/hrbrthemes_0.9.3.tar.gz"
checksum = "md5:33ca2f26236bfb7f9b02e72a33937bd6"
requires = [
    "ggplot2",
    "scales",
    "magrittr",
]

[[package]]
name = "htmlTable"
version = "2.5.0"
source = "cran"
raw_version = "2.5.0"
url = "https://cran.r-project.org/src/contrib/htmlTable_2.5.0.tar.gz"
checksum = "md5:141da121c13898ab76333c1354c78925"
requires = [
    "stringr",
    "knitr",
    "magrittr",
    "checkmate",
    "htmlwidgets",
    "htmltools",
    "rstudioapi",
]

[[package]]
name = "htmltools"
version = "0.5.9"
source = "cran"
raw_version = "0.5.9"
url = "https://cran.r-project.org/src/contrib/htmltools_0.5.9.tar.gz"
checksum = "md5:f4a0cac920fb54b5c5ea94e175e20067"
requires = [
    "base64enc",
    "digest",
    "fastmap",
    "rlang",
]

[[package]]
name = "htmlwidgets"
version = "1.6.4"
source = "cran"
raw_version = "1.6.4"
url = "https://cran.r-project.org/src/contrib/htmlwidgets_1.6.4.tar.gz"
checksum = "md5:e1ea7f9774ad7a79fcf31e52c2074fd1"
requires = [
    "htmltools",
    "jsonlite",
    "knitr",
    "rmarkdown",
    "yaml",
]

[[package]]
name = "httr"
version = "1.4.8"
source = "cran"
raw_version = "1.4.8"
url = "https://cran.r-project.org/src/contrib/httr_1.4.8.tar.gz"
checksum = "md5:8756015b94a9cff6f410ca4de8557f12"
requires = [
    "curl",
    "jsonlite",
    "mime",
    "openssl",
    "R6",
]

[[package]]
name = "httr2"
version = "1.2.2"
source = "cran"
raw_version = "1.2.2"
url = "https://cran.r-project.org/src/contrib/httr2_1.2.2.tar.gz"
checksum = "md5:3f22f2ade05739a5d656cc982167f30a"
requires = [
    "cli",
    "curl",
    "glue",
    "lifecycle",
    "magrittr",
    "openssl",
    "R6",
    "rappdirs",
    "rlang",
    "vctrs",
    "withr",
]

[[package]]
name = "igraph"
version = "2.3.1"
source = "cran"
raw_version = "2.3.1"
url = "https://cran.r-project.org/src/contrib/igraph_2.3.1.tar.gz"
checksum = "md5:c35002b7bf8306384e27e8ea8580c6c5"
requires = [
    "cli",
    "lifecycle",
    "magrittr",
    "Matrix",
    "pkgconfig",
    "rlang",
    "vctrs",
    "cpp11",
]

[[package]]
name = "isoband"
version = "0.3.0"
source = "cran"
raw_version = "0.3.0"
url = "https://cran.r-project.org/src/contrib/isoband_0.3.0.tar.gz"
checksum = "md5:0b811a225740b6e4ae0afcdd64f11407"
requires = [
    "cli",
    "rlang",
    "cpp11",
]

[[package]]
name = "jquerylib"
version = "0.1.4"
source = "cran"
raw_version = "0.1.4"
url = "https://cran.r-project.org/src/contrib/jquerylib_0.1.4.tar.gz"
checksum = "md5:3607a34ac45ff420bc325d84eab4b0cb"
requires = ["htmltools"]

[[package]]
name = "jsonlite"
version = "2.0.0"
source = "cran"
raw_version = "2.0.0"
url = "https://cran.r-project.org/src/contrib/jsonlite_2.0.0.tar.gz"
checksum = "md5:3e54e6fbc0c9063936e3d01e91419c14"

[[package]]
name = "kableExtra"
version = "1.4.0"
source = "cran"
raw_version = "1.4.0"
url = "https://cran.r-project.org/src/contrib/kableExtra_1.4.0.tar.gz"
checksum = "md5:94d47966ff22e10e9280f0c39568f7cd"
requires = [
    "knitr",
    "magrittr",
    "stringr",
    "xml2",
    "rmarkdown",
    "scales",
    "viridisLite",
    "htmltools",
    "rstudioapi",
    "digest",
    "svglite",
]

[[package]]
name = "knitr"
version = "1.51.0"
source = "cran"
raw_version = "1.51"
url = "https://cran.r-project.org/src/contrib/knitr_1.51.tar.gz"
checksum = "md5:79f32f24b572fe198baca8882d6aa87f"
requires = [
    "evaluate",
    "highr",
    "xfun",
    "yaml",
]

[[package]]
name = "labeling"
version = "0.4.3"
source = "cran"
raw_version = "0.4.3"
url = "https://cran.r-project.org/src/contrib/labeling_0.4.3.tar.gz"
checksum = "md5:915e6c823c1d8243641ce97253389f14"

[[package]]
name = "later"
version = "1.4.8"
source = "cran"
raw_version = "1.4.8"
url = "https://cran.r-project.org/src/contrib/later_1.4.8.tar.gz"
checksum = "md5:7ebbfd8a26cd6341a6d9d03ba18d259c"
requires = [
    "Rcpp",
    "rlang",
    "Rcpp",
]

[[package]]
name = "lattice"
version = "0.22.9"
source = "cran"
raw_version = "0.22-9"
url = "https://cran.r-project.org/src/contrib/lattice_0.22-9.tar.gz"
checksum = "md5:8fda6c7974b190459ad080e467e670c6"

[[package]]
name = "lazyeval"
version = "0.2.3"
source = "cran"
raw_version = "0.2.3"
url = "https://cran.r-project.org/src/contrib/lazyeval_0.2.3.tar.gz"
checksum = "md5:4389f7decad5f4418c3288c7f6101adb"
requires = ["rlang"]

[[package]]
name = "lifecycle"
version = "1.0.5"
source = "cran"
raw_version = "1.0.5"
url = "https://cran.r-project.org/src/contrib/lifecycle_1.0.5.tar.gz"
checksum = "md5:bce35a7a89fe4108f262db3e441cccae"
requires = [
    "cli",
    "rlang",
]

[[package]]
name = "listenv"
version = "0.10.1"
source = "cran"
raw_version = "0.10.1"
url = "https://cran.r-project.org/src/contrib/listenv_0.10.1.tar.gz"
checksum = "md5:6b93ad798245ea82a87117986b80aea5"

[[package]]
name = "lubridate"
version = "1.9.5"
source = "cran"
raw_version = "1.9.5"
url = "https://cran.r-project.org/src/contrib/lubridate_1.9.5.tar.gz"
checksum = "md5:09977b7de6710ca05886412c6aa3a5a3"
requires = [
    "generics",
    "timechange",
]

[[package]]
name = "magrittr"
version = "2.0.5"
source = "cran"
raw_version = "2.0.5"
url = "https://cran.r-project.org/src/contrib/magrittr_2.0.5.tar.gz"
checksum = "md5:4ee23a88bc1589527696d777d7e68dfc"

[[package]]
name = "memoise"
version = "2.0.1"
source = "cran"
raw_version = "2.0.1"
url = "https://cran.r-project.org/src/contrib/memoise_2.0.1.tar.gz"
checksum = "md5:89da4ce771967d851db47132b762ce6f"
requires = [
    "rlang",
    "cachem",
]

[[package]]
name = "mime"
version = "0.13.0"
source = "cran"
raw_version = "0.13"
url = "https://cran.r-project.org/src/contrib/mime_0.13.tar.gz"
checksum = "md5:45c3868fb2f5a7f3817d54d1c75799f9"

[[package]]
name = "mirai"
version = "2.7.0"
source = "cran"
raw_version = "2.7.0"
url = "https://cran.r-project.org/src/contrib/mirai_2.7.0.tar.gz"
checksum = "md5:4bcabd69fa218a5d7d5f7e62302e5d3a"
requires = ["nanonext"]

[[package]]
name = "nanonext"
version = "1.9.0"
source = "cran"
raw_version = "1.9.0"
url = "https://cran.r-project.org/src/contrib/nanonext_1.9.0.tar.gz"
checksum = "md5:56d00244b6d52090e7cab10ddc7cc207"

[[package]]
name = "nnet"
version = "7.3.20"
source = "cran"
raw_version = "7.3-20"
url = "https://cran.r-project.org/src/contrib/nnet_7.3-20.tar.gz"
checksum = "md5:7fa3a91bfd92035fffb9d124b52b5e1d"

[[package]]
name = "openssl"
version = "2.4.1"
source = "cran"
raw_version = "2.4.1"
url = "https://cran.r-project.org/src/contrib/openssl_2.4.1.tar.gz"
checksum = "md5:c8a56de8258cd00721705a525229b20d"
requires = ["askpass"]

[[package]]
name = "otel"
version = "0.2.0"
source = "cran"
raw_version = "0.2.0"
url = "https://cran.r-project.org/src/contrib/otel_0.2.0.tar.gz"
checksum = "md5:cecd0f434a6327dcf5ca0bc2da494d06"

[[package]]
name = "parallelly"
version = "1.47.0"
source = "cran"
raw_version = "1.47.0"
url = "https://cran.r-project.org/src/contrib/parallelly_1.47.0.tar.gz"
checksum = "md5:61797206011527aaf1a0b5a9f02fd8d3"

[[package]]
name = "pillar"
version = "1.11.1"
source = "cran"
raw_version = "1.11.1"
url = "https://cran.r-project.org/src/contrib/pillar_1.11.1.tar.gz"
checksum = "md5:eb84af558b1ac0d743a4790e99acad6e"
requires = [
    "cli",
    "glue",
    "lifecycle",
    "rlang",
    "utf8",
    "vctrs",
]

[[package]]
name = "pkgconfig"
version = "2.0.3"
source = "cran"
raw_version = "2.0.3"
url = "https://cran.r-project.org/src/contrib/pkgconfig_2.0.3.tar.gz"
checksum = "md5:7b9ca1d45d941238381cb55d13ff4d68"

[[package]]
name = "poddr"
version = "0.3.0"
source = "github"
url = "https://api.github.com/repos/jemus42/poddr/tarball/dbbcc5750cfdaf376a624038ca7902ba3b01396f"
checksum = "git:dbbcc5750cfdaf376a624038ca7902ba3b01396f"
requires = [
    "checkmate",
    "cli",
    "dplyr",
    "fs",
    "glue",
    "here",
    "hms",
    "httr2",
    "lubridate",
    "purrr",
    "readr",
    "rlang",
    "robotstxt",
    "rvest",
    "stringr",
    "tibble",
    "tidyr",
    "xml2",
]

[[package]]
name = "prettyunits"
version = "1.2.0"
source = "cran"
raw_version = "1.2.0"
url = "https://cran.r-project.org/src/contrib/prettyunits_1.2.0.tar.gz"
checksum = "md5:2e2db8105f214b80d3d4254b8aabb255"

[[package]]
name = "processx"
version = "3.9.0"
source = "cran"
raw_version = "3.9.0"
url = "https://cran.r-project.org/src/contrib/processx_3.9.0.tar.gz"
checksum = "md5:c4e0ed59285d195cdb03c66e3a9cb76d"
requires = [
    "ps",
    "R6",
]

[[package]]
name = "progress"
version = "1.2.3"
source = "cran"
raw_version = "1.2.3"
url = "https://cran.r-project.org/src/contrib/progress_1.2.3.tar.gz"
checksum = "md5:db78636d2dd5ee346f5caf48bfa69f5e"
requires = [
    "crayon",
    "hms",
    "prettyunits",
    "R6",
]

[[package]]
name = "promises"
version = "1.5.0"
source = "cran"
raw_version = "1.5.0"
url = "https://cran.r-project.org/src/contrib/promises_1.5.0.tar.gz"
checksum = "md5:365a4097be36772605653818da60eae6"
requires = [
    "fastmap",
    "later",
    "lifecycle",
    "magrittr",
    "otel",
    "R6",
    "rlang",
]

[[package]]
name = "ps"
version = "1.9.3"
source = "cran"
raw_version = "1.9.3"
url = "https://cran.r-project.org/src/contrib/ps_1.9.3.tar.gz"
checksum = "md5:a965ee358e18f9d6586f594487e1c2cf"

[[package]]
name = "purrr"
version = "1.2.2"
source = "cran"
raw_version = "1.2.2"
url = "https://cran.r-project.org/src/contrib/purrr_1.2.2.tar.gz"
checksum = "md5:1b554060b57fdfe3ba6544c557b0f8d8"
requires = [
    "cli",
    "lifecycle",
    "magrittr",
    "rlang",
    "vctrs",
    "cli",
]

[[package]]
name = "qs2"
version = "0.2.1"
source = "cran"
raw_version = "0.2.1"
url = "https://cran.r-project.org/src/contrib/qs2_0.2.1.tar.gz"
checksum = "md5:c311dbacafd682c4c7c0ccd0568ae4c0"
requires = [
    "Rcpp",
    "RcppParallel",
    "stringfish",
    "Rcpp",
    "RcppParallel",
]

[[package]]
name = "quarto"
version = "1.5.1"
source = "cran"
raw_version = "1.5.1"
url = "https://cran.r-project.org/src/contrib/quarto_1.5.1.tar.gz"
checksum = "md5:399b5a595e22f090193a9169d5bd84db"
requires = [
    "cli",
    "fs",
    "htmltools",
    "jsonlite",
    "later",
    "lifecycle",
    "processx",
    "rlang",
    "rmarkdown",
    "rstudioapi",
    "xfun",
    "yaml",
]

[[package]]
name = "ragg"
version = "1.5.2"
source = "cran"
raw_version = "1.5.2"
url = "https://cran.r-project.org/src/contrib/ragg_1.5.2.tar.gz"
checksum = "md5:3913bca155c1e59f2183657a08a30b63"
requires = [
    "systemfonts",
    "textshaping",
    "systemfonts",
    "textshaping",
]

[[package]]
name = "rappdirs"
version = "0.3.4"
source = "cran"
raw_version = "0.3.4"
url = "https://cran.r-project.org/src/contrib/rappdirs_0.3.4.tar.gz"
checksum = "md5:a990a3ddcfa9eb422cd406f78084fbd8"

[[package]]
name = "reactR"
version = "0.6.1"
source = "cran"
raw_version = "0.6.1"
url = "https://cran.r-project.org/src/contrib/reactR_0.6.1.tar.gz"
checksum = "md5:cdec5a3166bc410e898710b295b26a5e"
requires = ["htmltools"]

[[package]]
name = "reactable"
version = "0.4.5"
source = "cran"
raw_version = "0.4.5"
url = "https://cran.r-project.org/src/contrib/reactable_0.4.5.tar.gz"
checksum = "md5:5cd4cc9b65f88e5c7cfe3a611c6ad553"
requires = [
    "digest",
    "htmltools",
    "htmlwidgets",
    "jsonlite",
    "reactR",
]

[[package]]
name = "readr"
version = "2.2.0"
source = "cran"
raw_version = "2.2.0"
url = "https://cran.r-project.org/src/contrib/readr_2.2.0.tar.gz"
checksum = "md5:3e87b7c88d9853bb2cec2f11eec2bf72"
requires = [
    "cli",
    "clipr",
    "crayon",
    "glue",
    "hms",
    "lifecycle",
    "R6",
    "rlang",
    "tibble",
    "vroom",
    "withr",
    "cpp11",
    "tzdb",
]

[[package]]
name = "rlang"
version = "1.2.0"
source = "cran"
raw_version = "1.2.0"
url = "https://cran.r-project.org/src/contrib/rlang_1.2.0.tar.gz"
checksum = "md5:df0168c2a86c038133125ee054a646c9"

[[package]]
name = "rmarkdown"
version = "2.31.0"
source = "cran"
raw_version = "2.31"
url = "https://cran.r-project.org/src/contrib/rmarkdown_2.31.tar.gz"
checksum = "md5:8f7a4eef6b62e7f2284550c3134f28c8"
requires = [
    "bslib",
    "evaluate",
    "fontawesome",
    "htmltools",
    "jquerylib",
    "jsonlite",
    "knitr",
    "tinytex",
    "xfun",
    "yaml",
]

[[package]]
name = "robotstxt"
version = "0.7.15"
source = "cran"
raw_version = "0.7.15"
url = "https://cran.r-project.org/src/contrib/robotstxt_0.7.15.tar.gz"
checksum = "md5:7cf2bf58871409b1941f56ceae7969a2"
requires = [
    "stringr",
    "httr",
    "spiderbar",
    "future.apply",
    "magrittr",
]

[[package]]
name = "rpart"
version = "4.1.27"
source = "cran"
raw_version = "4.1.27"
url = "https://cran.r-project.org/src/contrib/rpart_4.1.27.tar.gz"
checksum = "md5:0fdd5077b09b193836c8fa4bf98bd38d"

[[package]]
name = "rprojroot"
version = "2.1.1"
source = "cran"
raw_version = "2.1.1"
url = "https://cran.r-project.org/src/contrib/rprojroot_2.1.1.tar.gz"
checksum = "md5:307fef4f932acc1d8660a857e44d5fb7"

[[package]]
name = "rstudioapi"
version = "0.18.0"
source = "cran"
raw_version = "0.18.0"
url = "https://cran.r-project.org/src/contrib/rstudioapi_0.18.0.tar.gz"
checksum = "md5:a452eb996c0fcacc913f8c72992ff750"

[[package]]
name = "rvest"
version = "1.0.5"
source = "cran"
raw_version = "1.0.5"
url = "https://cran.r-project.org/src/contrib/rvest_1.0.5.tar.gz"
checksum = "md5:247669d2388a127d3dda7a6024f33675"
requires = [
    "cli",
    "glue",
    "httr",
    "lifecycle",
    "magrittr",
    "rlang",
    "selectr",
    "tibble",
    "xml2",
]

[[package]]
name = "sass"
version = "0.4.10"
source = "cran"
raw_version = "0.4.10"
url = "https://cran.r-project.org/src/contrib/sass_0.4.10.tar.gz"
checksum = "md5:16054a7117a81ba75893fec17da62209"
requires = [
    "fs",
    "rlang",
    "htmltools",
    "R6",
    "rappdirs",
]

[[package]]
name = "scales"
version = "1.4.0"
source = "cran"
raw_version = "1.4.0"
url = "https://cran.r-project.org/src/contrib/scales_1.4.0.tar.gz"
checksum = "md5:6dd61123ecc2be3e3777aa77c172261d"
requires = [
    "cli",
    "farver",
    "glue",
    "labeling",
    "lifecycle",
    "R6",
    "RColorBrewer",
    "rlang",
    "viridisLite",
]

[[package]]
name = "secretbase"
version = "1.2.2"
source = "cran"
raw_version = "1.2.2"
url = "https://cran.r-project.org/src/contrib/secretbase_1.2.2.tar.gz"
checksum = "md5:a3624a18127b154edb9b5d4e4ff694f5"

[[package]]
name = "selectr"
version = "0.5.1"
source = "cran"
raw_version = "0.5-1"
url = "https://cran.r-project.org/src/contrib/selectr_0.5-1.tar.gz"
checksum = "md5:015ca476af201011501190eccb35772c"
requires = [
    "stringr",
    "R6",
]

[[package]]
name = "spiderbar"
version = "0.2.5"
source = "cran"
raw_version = "0.2.5"
url = "https://cran.r-project.org/src/contrib/spiderbar_0.2.5.tar.gz"
checksum = "md5:9a5a078c070b43e93a273396354a3c3a"
requires = [
    "Rcpp",
    "Rcpp",
]

[[package]]
name = "stringfish"
version = "0.19.0"
source = "cran"
raw_version = "0.19.0"
url = "https://cran.r-project.org/src/contrib/stringfish_0.19.0.tar.gz"
checksum = "md5:086fd63ec72d189b62711df59d92c29c"
requires = [
    "Rcpp",
    "RcppParallel",
    "Rcpp",
    "RcppParallel",
]

[[package]]
name = "stringi"
version = "1.8.7"
source = "cran"
raw_version = "1.8.7"
url = "https://cran.r-project.org/src/contrib/stringi_1.8.7.tar.gz"
checksum = "md5:e8d621e4b35873cd406271d3fe8c3281"

[[package]]
name = "stringr"
version = "1.6.0"
source = "cran"
raw_version = "1.6.0"
url = "https://cran.r-project.org/src/contrib/stringr_1.6.0.tar.gz"
checksum = "md5:e6d638f79f82b1c39fc88e7295ba1c9d"
requires = [
    "cli",
    "glue",
    "lifecycle",
    "magrittr",
    "rlang",
    "stringi",
    "vctrs",
]

[[package]]
name = "svglite"
version = "2.2.2"
source = "cran"
raw_version = "2.2.2"
url = "https://cran.r-project.org/src/contrib/svglite_2.2.2.tar.gz"
checksum = "md5:c4e710e70a85b84907fbb80d94c30c16"
requires = [
    "base64enc",
    "cli",
    "lifecycle",
    "rlang",
    "systemfonts",
    "textshaping",
    "cpp11",
    "systemfonts",
    "textshaping",
]

[[package]]
name = "sys"
version = "3.4.3"
source = "cran"
raw_version = "3.4.3"
url = "https://cran.r-project.org/src/contrib/sys_3.4.3.tar.gz"
checksum = "md5:ffb4244c6d4cacdd4ac8ef187699707c"

[[package]]
name = "systemfonts"
version = "1.3.2"
source = "cran"
raw_version = "1.3.2"
url = "https://cran.r-project.org/src/contrib/systemfonts_1.3.2.tar.gz"
checksum = "md5:57b95280ca9bba2bb18477eb512ac971"
requires = [
    "base64enc",
    "jsonlite",
    "lifecycle",
    "cpp11",
]

[[package]]
name = "tarchetypes"
version = "0.14.1"
source = "cran"
raw_version = "0.14.1"
url = "https://cran.r-project.org/src/contrib/tarchetypes_0.14.1.tar.gz"
checksum = "md5:d4f4f3df10679bd73367e8d54a7eeb99"
requires = [
    "dplyr",
    "fs",
    "rlang",
    "secretbase",
    "targets",
    "tibble",
    "tidyselect",
    "vctrs",
    "withr",
]

[[package]]
name = "targets"
version = "1.12.0"
source = "cran"
raw_version = "1.12.0"
url = "https://cran.r-project.org/src/contrib/targets_1.12.0.tar.gz"
checksum = "md5:6dc00fdf98c8a3241ac1fa290623f216"
requires = [
    "base64url",
    "callr",
    "cli",
    "codetools",
    "data.table",
    "igraph",
    "knitr",
    "prettyunits",
    "ps",
    "R6",
    "rlang",
    "secretbase",
    "tibble",
    "tidyselect",
    "vctrs",
    "yaml",
]

[[package]]
name = "textshaping"
version = "1.0.5"
source = "cran"
raw_version = "1.0.5"
url = "https://cran.r-project.org/src/contrib/textshaping_1.0.5.tar.gz"
checksum = "md5:93771d8cfc50a7ed021df061ce71e07f"
requires = [
    "lifecycle",
    "stringi",
    "systemfonts",
    "cpp11",
    "systemfonts",
]

[[package]]
name = "tibble"
version = "3.3.1"
source = "cran"
raw_version = "3.3.1"
url = "https://cran.r-project.org/src/contrib/tibble_3.3.1.tar.gz"
checksum = "md5:97ff25ebdd1460ec152d48e9bb54fa43"
requires = [
    "cli",
    "lifecycle",
    "magrittr",
    "pillar",
    "pkgconfig",
    "rlang",
    "vctrs",
]

[[package]]
name = "tidyr"
version = "1.3.2"
source = "cran"
raw_version = "1.3.2"
url = "https://cran.r-project.org/src/contrib/tidyr_1.3.2.tar.gz"
checksum = "md5:f8e976221d4ed9092c734cf86abcdba9"
requires = [
    "cli",
    "dplyr",
    "glue",
    "lifecycle",
    "magrittr",
    "purrr",
    "rlang",
    "stringr",
    "tibble",
    "tidyselect",
    "vctrs",
    "cpp11",
]

[[package]]
name = "tidyselect"
version = "1.2.1"
source = "cran"
raw_version = "1.2.1"
url = "https://cran.r-project.org/src/contrib/tidyselect_1.2.1.tar.gz"
checksum = "md5:49c581292e819a2a39aac321f27ab0a8"
requires = [
    "cli",
    "glue",
    "lifecycle",
    "rlang",
    "vctrs",
    "withr",
]

[[package]]
name = "timechange"
version = "0.4.0"
source = "cran"
raw_version = "0.4.0"
url = "https://cran.r-project.org/src/contrib/timechange_0.4.0.tar.gz"
checksum = "md5:4cabacecbed68e3beb00e47d42fc9fca"
requires = ["cpp11"]

[[package]]
name = "tinytex"
version = "0.59.0"
source = "cran"
raw_version = "0.59"
url = "https://cran.r-project.org/src/contrib/tinytex_0.59.tar.gz"
checksum = "md5:087cf96ab3183a7e9070bf9ce2293a1b"
requires = ["xfun"]

[[package]]
name = "tzdb"
version = "0.5.0"
source = "cran"
raw_version = "0.5.0"
url = "https://cran.r-project.org/src/contrib/tzdb_0.5.0.tar.gz"
checksum = "md5:a9f89aa8a851f7a2a13856e815c8bb1c"
requires = ["cpp11"]

[[package]]
name = "utf8"
version = "1.2.6"
source = "cran"
raw_version = "1.2.6"
url = "https://cran.r-project.org/src/contrib/utf8_1.2.6.tar.gz"
checksum = "md5:12037c186ddded4d9b289762b69fc435"

[[package]]
name = "vctrs"
version = "0.7.3"
source = "cran"
raw_version = "0.7.3"
url = "https://cran.r-project.org/src/contrib/vctrs_0.7.3.tar.gz"
checksum = "md5:d99218820f353c359ff59fd46b52ddb3"
requires = [
    "cli",
    "glue",
    "lifecycle",
    "rlang",
]

[[package]]
name = "vipor"
version = "0.4.7"
source = "cran"
raw_version = "0.4.7"
url = "https://cran.r-project.org/src/contrib/vipor_0.4.7.tar.gz"
checksum = "md5:2b61141e983b4026e67efb5d616e33ff"

[[package]]
name = "viridisLite"
version = "0.4.3"
source = "cran"
raw_version = "0.4.3"
url = "https://cran.r-project.org/src/contrib/viridisLite_0.4.3.tar.gz"
checksum = "md5:ecfcfd15db2d5a79c25b9514748762b5"

[[package]]
name = "vroom"
version = "1.7.1"
source = "cran"
raw_version = "1.7.1"
url = "https://cran.r-project.org/src/contrib/vroom_1.7.1.tar.gz"
checksum = "md5:68e4cfa008bd830c7f6f47b26a1cff0e"
requires = [
    "bit64",
    "cli",
    "crayon",
    "glue",
    "hms",
    "lifecycle",
    "rlang",
    "tibble",
    "tidyselect",
    "tzdb",
    "vctrs",
    "withr",
    "cpp11",
    "progress",
    "tzdb",
]

[[package]]
name = "whisker"
version = "0.4.1"
source = "cran"
raw_version = "0.4.1"
url = "https://cran.r-project.org/src/contrib/whisker_0.4.1.tar.gz"
checksum = "md5:eda4d778ea813e892c86511d355ee26c"

[[package]]
name = "withr"
version = "3.0.2"
source = "cran"
raw_version = "3.0.2"
url = "https://cran.r-project.org/src/contrib/withr_3.0.2.tar.gz"
checksum = "md5:f2e3780a71f6258d6f9055f138d474f2"

[[package]]
name = "xfun"
version = "0.57.0"
source = "cran"
raw_version = "0.57"
url = "https://cran.r-project.org/src/contrib/xfun_0.57.tar.gz"
checksum = "md5:0a2daa4434d22ec6e166dc0d7a36d2f5"

[[package]]
name = "xml2"
version = "1.5.2"
source = "cran"
raw_version = "1.5.2"
url = "https://cran.r-project.org/src/contrib/xml2_1.5.2.tar.gz"
checksum = "md5:ce65673ae7e460dc7b8bd86fcb9ff069"
requires = [
    "cli",
    "rlang",
]

[[package]]
name = "yaml"
version = "2.3.12"
source = "cran"
raw_version = "2.3.12"
url = "https://cran.r-project.org/src/contrib/yaml_2.3.12.tar.gz"
checksum = "md5:6beea9b09717960f6c79fcbc1e129c41"
